
Microsoft Visual Studio Solution File, Format Version 11.00
# Visual Studio 2010
Project("{8BC9CEB8-8B4A-11D0-8D11-00A0C91BC942}") = "CS6680_Bezier_Triangle_Interpolation_2", "CS6680_Bezier_Triangle_Interpolation_2\CS6680_Bezier_Triangle_Interpolation_2.vcxproj", "{F988892A-688F-419E-AB97-25759E7533AB}"
EndProject
Global
	GlobalSection(SolutionConfigurationPlatforms) = preSolution
		Debug|Win32 = Debug|Win32
		Release|Win32 = Release|Win32
	EndGlobalSection
	GlobalSection(ProjectConfigurationPlatforms) = postSolution
		{F988892A-688F-419E-AB97-25759E7533AB}.Debug|Win32.ActiveCfg = Debug|Win32
		{F988892A-688F-419E-AB97-25759E7533AB}.Debug|Win32.Build.0 = Debug|Win32
		{F988892A-688F-419E-AB97-25759E7533AB}.Release|Win32.ActiveCfg = Release|Win32
		{F988892A-688F-419E-AB97-25759E7533AB}.Release|Win32.Build.0 = Release|Win32
	EndGlobalSection
	GlobalSection(SolutionProperties) = preSolution
		HideSolutionNode = FALSE
	EndGlobalSection
EndGlobal
